
Microsoft Visual Studio Solution File, Format Version 12.00
# Visual Studio Version 16
VisualStudioVersion = 16.0.30611.23
MinimumVisualStudioVersion = 10.0.40219.1
Project("{FAE04EC0-301F-11D3-BF4B-00C04F79EFBC}") = "AppContacts.Android", "AppContacts\AppContacts.Android\AppContacts.Android.csproj", "{912D633A-AA64-419E-8EC0-89BE83DDD085}"
EndProject
Project("{9A19103F-16F7-4668-BE54-9A1E7A4F7556}") = "AppContacts", "AppContacts\AppContacts\AppContacts.csproj", "{C472FF32-C503-4D03-A897-D6A604022098}"
EndProject
Project("{2150E333-8FDC-42A3-9474-1A3956D46DE8}") = "Solution Items", "Solution Items", "{79A69B31-2EBD-4402-9674-46754179696F}"
	ProjectSection(SolutionItems) = preProject
		.editorconfig = .editorconfig
	EndProjectSection
EndProject
Global
	GlobalSection(SolutionConfigurationPlatforms) = preSolution
		Debug|Any CPU = Debug|Any CPU
		Debug|iPhone = Debug|iPhone
		Debug|iPhoneSimulator = Debug|iPhoneSimulator
		Release|Any CPU = Release|Any CPU
		Release|iPhone = Release|iPhone
		Release|iPhoneSimulator = Release|iPhoneSimulator
	EndGlobalSection
	GlobalSection(ProjectConfigurationPlatforms) = postSolution
		{912D633A-AA64-419E-8EC0-89BE83DDD085}.Debug|Any CPU.ActiveCfg = Debug|Any CPU
		{912D633A-AA64-419E-8EC0-89BE83DDD085}.Debug|Any CPU.Build.0 = Debug|Any CPU
		{912D633A-AA64-419E-8EC0-89BE83DDD085}.Debug|Any CPU.Deploy.0 = Debug|Any CPU
		{912D633A-AA64-419E-8EC0-89BE83DDD085}.Debug|iPhone.ActiveCfg = Debug|Any CPU
		{912D633A-AA64-419E-8EC0-89BE83DDD085}.Debug|iPhone.Build.0 = Debug|Any CPU
		{912D633A-AA64-419E-8EC0-89BE83DDD085}.Debug|iPhone.Deploy.0 = Debug|Any CPU
		{912D633A-AA64-419E-8EC0-89BE83DDD085}.Debug|iPhoneSimulator.ActiveCfg = Debug|Any CPU
		{912D633A-AA64-419E-8EC0-89BE83DDD085}.Debug|iPhoneSimulator.Build.0 = Debug|Any CPU
		{912D633A-AA64-419E-8EC0-89BE83DDD085}.Debug|iPhoneSimulator.Deploy.0 = Debug|Any CPU
		{912D633A-AA64-419E-8EC0-89BE83DDD085}.Release|Any CPU.ActiveCfg = Release|Any CPU
		{912D633A-AA64-419E-8EC0-89BE83DDD085}.Release|Any CPU.Build.0 = Release|Any CPU
		{912D633A-AA64-419E-8EC0-89BE83DDD085}.Release|Any CPU.Deploy.0 = Release|Any CPU
		{912D633A-AA64-419E-8EC0-89BE83DDD085}.Release|iPhone.ActiveCfg = Release|Any CPU
		{912D633A-AA64-419E-8EC0-89BE83DDD085}.Release|iPhone.Build.0 = Release|Any CPU
		{912D633A-AA64-419E-8EC0-89BE83DDD085}.Release|iPhone.Deploy.0 = Release|Any CPU
		{912D633A-AA64-419E-8EC0-89BE83DDD085}.Release|iPhoneSimulator.ActiveCfg = Release|Any CPU
		{912D633A-AA64-419E-8EC0-89BE83DDD085}.Release|iPhoneSimulator.Build.0 = Release|Any CPU
		{912D633A-AA64-419E-8EC0-89BE83DDD085}.Release|iPhoneSimulator.Deploy.0 = Release|Any CPU
		{C472FF32-C503-4D03-A897-D6A604022098}.Debug|Any CPU.ActiveCfg = Debug|Any CPU
		{C472FF32-C503-4D03-A897-D6A604022098}.Debug|Any CPU.Build.0 = Debug|Any CPU
		{C472FF32-C503-4D03-A897-D6A604022098}.Debug|Any CPU.Deploy.0 = Debug|Any CPU
		{C472FF32-C503-4D03-A897-D6A604022098}.Debug|iPhone.ActiveCfg = Debug|Any CPU
		{C472FF32-C503-4D03-A897-D6A604022098}.Debug|iPhone.Build.0 = Debug|Any CPU
		{C472FF32-C503-4D03-A897-D6A604022098}.Debug|iPhone.Deploy.0 = Debug|Any CPU
		{C472FF32-C503-4D03-A897-D6A604022098}.Debug|iPhoneSimulator.ActiveCfg = Debug|Any CPU
		{C472FF32-C503-4D03-A897-D6A604022098}.Debug|iPhoneSimulator.Build.0 = Debug|Any CPU
		{C472FF32-C503-4D03-A897-D6A604022098}.Debug|iPhoneSimulator.Deploy.0 = Debug|Any CPU
		{C472FF32-C503-4D03-A897-D6A604022098}.Release|Any CPU.ActiveCfg = Release|Any CPU
		{C472FF32-C503-4D03-A897-D6A604022098}.Release|Any CPU.Build.0 = Release|Any CPU
		{C472FF32-C503-4D03-A897-D6A604022098}.Release|Any CPU.Deploy.0 = Release|Any CPU
		{C472FF32-C503-4D03-A897-D6A604022098}.Release|iPhone.ActiveCfg = Release|Any CPU
		{C472FF32-C503-4D03-A897-D6A604022098}.Release|iPhone.Build.0 = Release|Any CPU
		{C472FF32-C503-4D03-A897-D6A604022098}.Release|iPhone.Deploy.0 = Release|Any CPU
		{C472FF32-C503-4D03-A897-D6A604022098}.Release|iPhoneSimulator.ActiveCfg = Release|Any CPU
		{C472FF32-C503-4D03-A897-D6A604022098}.Release|iPhoneSimulator.Build.0 = Release|Any CPU
		{C472FF32-C503-4D03-A897-D6A604022098}.Release|iPhoneSimulator.Deploy.0 = Release|Any CPU
	EndGlobalSection
	GlobalSection(SolutionProperties) = preSolution
		HideSolutionNode = FALSE
	EndGlobalSection
	GlobalSection(ExtensibilityGlobals) = postSolution
		SolutionGuid = {AEF0933E-9A87-4060-857E-CA9EE2551D96}
	EndGlobalSection
EndGlobal
